
Microsoft Visual Studio Solution File, Format Version 12.00
# Visual Studio Version 17
VisualStudioVersion = 17.5.33516.290
MinimumVisualStudioVersion = 10.0.40219.1
Project("{FAE04EC0-301F-11D3-BF4B-00C04F79EFBC}") = "P52023_JosephCristian_PF", "P52023_JosephCristian_PF\P52023_JosephCristian_PF.csproj", "{02E25C9E-9298-4CB5-AC32-976A963BBBA3}"
	ProjectSection(ProjectDependencies) = postProject
		{BE618AB3-5122-4625-A330-22A15C0E663E} = {BE618AB3-5122-4625-A330-22A15C0E663E}
	EndProjectSection
EndProject
Project("{FAE04EC0-301F-11D3-BF4B-00C04F79EFBC}") = "Logica", "Logica\Logica.csproj", "{BE618AB3-5122-4625-A330-22A15C0E663E}"
EndProject
Global
	GlobalSection(SolutionConfigurationPlatforms) = preSolution
		Debug|Any CPU = Debug|Any CPU
		Release|Any CPU = Release|Any CPU
	EndGlobalSection
	GlobalSection(ProjectConfigurationPlatforms) = postSolution
		{02E25C9E-9298-4CB5-AC32-976A963BBBA3}.Debug|Any CPU.ActiveCfg = Debug|Any CPU
		{02E25C9E-9298-4CB5-AC32-976A963BBBA3}.Debug|Any CPU.Build.0 = Debug|Any CPU
		{02E25C9E-9298-4CB5-AC32-976A963BBBA3}.Release|Any CPU.ActiveCfg = Release|Any CPU
		{02E25C9E-9298-4CB5-AC32-976A963BBBA3}.Release|Any CPU.Build.0 = Release|Any CPU
		{BE618AB3-5122-4625-A330-22A15C0E663E}.Debug|Any CPU.ActiveCfg = Debug|Any CPU
		{BE618AB3-5122-4625-A330-22A15C0E663E}.Debug|Any CPU.Build.0 = Debug|Any CPU
		{BE618AB3-5122-4625-A330-22A15C0E663E}.Release|Any CPU.ActiveCfg = Release|Any CPU
		{BE618AB3-5122-4625-A330-22A15C0E663E}.Release|Any CPU.Build.0 = Release|Any CPU
	EndGlobalSection
	GlobalSection(SolutionProperties) = preSolution
		HideSolutionNode = FALSE
	EndGlobalSection
	GlobalSection(ExtensibilityGlobals) = postSolution
		SolutionGuid = {36696EE3-2F11-42B6-ABBA-BC0B9AB11C4E}
	EndGlobalSection
EndGlobal
